
Microsoft Visual Studio Solution File, Format Version 12.00
# Visual Studio Version 16
VisualStudioVersion = 16.0.29613.14
MinimumVisualStudioVersion = 10.0.40219.1
Project("{FAE04EC0-301F-11D3-BF4B-00C04F79EFBC}") = "WebApiProxy", "WebApiProxy.csproj", "{0701C6B0-FBD3-4BA4-9831-2EAAF9028767}"
EndProject
Global
	GlobalSection(SolutionConfigurationPlatforms) = preSolution
		Debug|Any CPU = Debug|Any CPU
		Release|Any CPU = Release|Any CPU
	EndGlobalSection
	GlobalSection(ProjectConfigurationPlatforms) = postSolution
		{0701C6B0-FBD3-4BA4-9831-2EAAF9028767}.Debug|Any CPU.ActiveCfg = Debug|Any CPU
		{0701C6B0-FBD3-4BA4-9831-2EAAF9028767}.Debug|Any CPU.Build.0 = Debug|Any CPU
		{0701C6B0-FBD3-4BA4-9831-2EAAF9028767}.Release|Any CPU.ActiveCfg = Release|Any CPU
		{0701C6B0-FBD3-4BA4-9831-2EAAF9028767}.Release|Any CPU.Build.0 = Release|Any CPU
	EndGlobalSection
	GlobalSection(SolutionProperties) = preSolution
		HideSolutionNode = FALSE
	EndGlobalSection
	GlobalSection(ExtensibilityGlobals) = postSolution
		SolutionGuid = {0E23CBA3-5E1E-4D2A-9789-9BD9F9AD7064}
	EndGlobalSection
EndGlobal
