
Microsoft Visual Studio Solution File, Format Version 12.00
# Visual Studio Version 16
VisualStudioVersion = 16.0.29613.14
MinimumVisualStudioVersion = 10.0.40219.1
Project("{FAE04EC0-301F-11D3-BF4B-00C04F79EFBC}") = "WebApiServer", "WebApiServer.csproj", "{E5ACD317-5ECF-4489-B747-90D2E216F709}"
EndProject
Global
	GlobalSection(SolutionConfigurationPlatforms) = preSolution
		Debug|Any CPU = Debug|Any CPU
		Release|Any CPU = Release|Any CPU
	EndGlobalSection
	GlobalSection(ProjectConfigurationPlatforms) = postSolution
		{E5ACD317-5ECF-4489-B747-90D2E216F709}.Debug|Any CPU.ActiveCfg = Debug|Any CPU
		{E5ACD317-5ECF-4489-B747-90D2E216F709}.Debug|Any CPU.Build.0 = Debug|Any CPU
		{E5ACD317-5ECF-4489-B747-90D2E216F709}.Release|Any CPU.ActiveCfg = Release|Any CPU
		{E5ACD317-5ECF-4489-B747-90D2E216F709}.Release|Any CPU.Build.0 = Release|Any CPU
	EndGlobalSection
	GlobalSection(SolutionProperties) = preSolution
		HideSolutionNode = FALSE
	EndGlobalSection
	GlobalSection(ExtensibilityGlobals) = postSolution
		SolutionGuid = {EDE440EE-88A8-4FA7-B418-CB94505F7166}
	EndGlobalSection
EndGlobal
